
Microsoft Visual Studio Solution File, Format Version 12.00
# Visual Studio Version 16
VisualStudioVersion = 16.0.29102.190
MinimumVisualStudioVersion = 10.0.40219.1
Project("{FAE04EC0-301F-11D3-BF4B-00C04F79EFBC}") = "PrivateSchoolPartB", "PrivateSchoolPartB\PrivateSchoolPartB.csproj", "{909F2837-E7EC-4ED2-9226-9DDC319F168A}"
EndProject
Global
	GlobalSection(SolutionConfigurationPlatforms) = preSolution
		Debug|Any CPU = Debug|Any CPU
		Release|Any CPU = Release|Any CPU
	EndGlobalSection
	GlobalSection(ProjectConfigurationPlatforms) = postSolution
		{909F2837-E7EC-4ED2-9226-9DDC319F168A}.Debug|Any CPU.ActiveCfg = Debug|Any CPU
		{909F2837-E7EC-4ED2-9226-9DDC319F168A}.Debug|Any CPU.Build.0 = Debug|Any CPU
		{909F2837-E7EC-4ED2-9226-9DDC319F168A}.Release|Any CPU.ActiveCfg = Release|Any CPU
		{909F2837-E7EC-4ED2-9226-9DDC319F168A}.Release|Any CPU.Build.0 = Release|Any CPU
	EndGlobalSection
	GlobalSection(SolutionProperties) = preSolution
		HideSolutionNode = FALSE
	EndGlobalSection
	GlobalSection(ExtensibilityGlobals) = postSolution
		SolutionGuid = {05BDC71D-B5ED-4077-BC7F-B0CBD129B0C0}
	EndGlobalSection
EndGlobal
